
Microsoft Visual Studio Solution File, Format Version 12.00
# Visual Studio Version 17
VisualStudioVersion = 17.4.33213.308
MinimumVisualStudioVersion = 10.0.40219.1
Project("{FAE04EC0-301F-11D3-BF4B-00C04F79EFBC}") = "bookeStoreRecord", "bookeStoreRecord\bookeStoreRecord.csproj", "{8502B8D6-2B3D-48DF-B8E6-CCE7F406557B}"
EndProject
Global
	GlobalSection(SolutionConfigurationPlatforms) = preSolution
		Debug|Any CPU = Debug|Any CPU
		Release|Any CPU = Release|Any CPU
	EndGlobalSection
	GlobalSection(ProjectConfigurationPlatforms) = postSolution
		{8502B8D6-2B3D-48DF-B8E6-CCE7F406557B}.Debug|Any CPU.ActiveCfg = Debug|Any CPU
		{8502B8D6-2B3D-48DF-B8E6-CCE7F406557B}.Debug|Any CPU.Build.0 = Debug|Any CPU
		{8502B8D6-2B3D-48DF-B8E6-CCE7F406557B}.Release|Any CPU.ActiveCfg = Release|Any CPU
		{8502B8D6-2B3D-48DF-B8E6-CCE7F406557B}.Release|Any CPU.Build.0 = Release|Any CPU
	EndGlobalSection
	GlobalSection(SolutionProperties) = preSolution
		HideSolutionNode = FALSE
	EndGlobalSection
	GlobalSection(ExtensibilityGlobals) = postSolution
		SolutionGuid = {38C0669B-9080-4BF4-8556-ECBAA0D6EF4E}
	EndGlobalSection
EndGlobal
